
Microsoft Visual Studio Solution File, Format Version 12.00
# Visual Studio Version 17
VisualStudioVersion = 17.0.31903.59
MinimumVisualStudioVersion = 10.0.40219.1
Project("{9A19103F-16F7-4668-BE54-9A1E7A4F7556}") = "PetProject.API", "src\PetProject.API\PetProject.API.csproj", "{E442479B-A2AC-4D21-9295-F46E84636BCA}"
EndProject
Project("{9A19103F-16F7-4668-BE54-9A1E7A4F7556}") = "PetProject.Infastructure", "src\PetProject.Infastructure\PetProject.Infastructure.csproj", "{4F48D670-424F-4DA3-9355-2A576EBCDF19}"
EndProject
Project("{9A19103F-16F7-4668-BE54-9A1E7A4F7556}") = "PetProject.Domain", "src\PetProject.Domain\PetProject.Domain.csproj", "{4FDB3789-D33D-41F2-B2C4-09E0C518CDBE}"
EndProject
Project("{9A19103F-16F7-4668-BE54-9A1E7A4F7556}") = "PetProject.Application", "src\PetProject.Application\PetProject.Application.csproj", "{24C7C092-0E75-40B9-BD70-773620CEAF10}"
EndProject
Project("{E53339B2-1760-4266-BCC7-CA923CBCF16C}") = "docker-compose", "docker-compose.dcproj", "{D1A0FDF0-D71B-4E6D-8E30-F9142CA7FAA2}"
EndProject
Global
	GlobalSection(SolutionConfigurationPlatforms) = preSolution
		Debug|Any CPU = Debug|Any CPU
		Release|Any CPU = Release|Any CPU
	EndGlobalSection
	GlobalSection(ProjectConfigurationPlatforms) = postSolution
		{E442479B-A2AC-4D21-9295-F46E84636BCA}.Debug|Any CPU.ActiveCfg = Debug|Any CPU
		{E442479B-A2AC-4D21-9295-F46E84636BCA}.Debug|Any CPU.Build.0 = Debug|Any CPU
		{E442479B-A2AC-4D21-9295-F46E84636BCA}.Release|Any CPU.ActiveCfg = Release|Any CPU
		{E442479B-A2AC-4D21-9295-F46E84636BCA}.Release|Any CPU.Build.0 = Release|Any CPU
		{4F48D670-424F-4DA3-9355-2A576EBCDF19}.Debug|Any CPU.ActiveCfg = Debug|Any CPU
		{4F48D670-424F-4DA3-9355-2A576EBCDF19}.Debug|Any CPU.Build.0 = Debug|Any CPU
		{4F48D670-424F-4DA3-9355-2A576EBCDF19}.Release|Any CPU.ActiveCfg = Release|Any CPU
		{4F48D670-424F-4DA3-9355-2A576EBCDF19}.Release|Any CPU.Build.0 = Release|Any CPU
		{4FDB3789-D33D-41F2-B2C4-09E0C518CDBE}.Debug|Any CPU.ActiveCfg = Debug|Any CPU
		{4FDB3789-D33D-41F2-B2C4-09E0C518CDBE}.Debug|Any CPU.Build.0 = Debug|Any CPU
		{4FDB3789-D33D-41F2-B2C4-09E0C518CDBE}.Release|Any CPU.ActiveCfg = Release|Any CPU
		{4FDB3789-D33D-41F2-B2C4-09E0C518CDBE}.Release|Any CPU.Build.0 = Release|Any CPU
		{24C7C092-0E75-40B9-BD70-773620CEAF10}.Debug|Any CPU.ActiveCfg = Debug|Any CPU
		{24C7C092-0E75-40B9-BD70-773620CEAF10}.Debug|Any CPU.Build.0 = Debug|Any CPU
		{24C7C092-0E75-40B9-BD70-773620CEAF10}.Release|Any CPU.ActiveCfg = Release|Any CPU
		{24C7C092-0E75-40B9-BD70-773620CEAF10}.Release|Any CPU.Build.0 = Release|Any CPU
		{D1A0FDF0-D71B-4E6D-8E30-F9142CA7FAA2}.Debug|Any CPU.ActiveCfg = Debug|Any CPU
		{D1A0FDF0-D71B-4E6D-8E30-F9142CA7FAA2}.Debug|Any CPU.Build.0 = Debug|Any CPU
		{D1A0FDF0-D71B-4E6D-8E30-F9142CA7FAA2}.Release|Any CPU.ActiveCfg = Release|Any CPU
		{D1A0FDF0-D71B-4E6D-8E30-F9142CA7FAA2}.Release|Any CPU.Build.0 = Release|Any CPU
	EndGlobalSection
	GlobalSection(SolutionProperties) = preSolution
		HideSolutionNode = FALSE
	EndGlobalSection
	GlobalSection(ExtensibilityGlobals) = postSolution
		SolutionGuid = {C3C89454-B789-4686-9799-A67823A1CE32}
	EndGlobalSection
EndGlobal
